
Microsoft Visual Studio Solution File, Format Version 11.00
# Visual Studio 2010
Project("{FAE04EC0-301F-11D3-BF4B-00C04F79EFBC}") = "Jeopardy.UI", "Jeopardy.UI\Jeopardy.UI.csproj", "{866C8A20-2A1B-49D9-9A15-02A8105F0438}"
EndProject
Project("{FAE04EC0-301F-11D3-BF4B-00C04F79EFBC}") = "Jeopardy.BL", "Jeopardy.BL\Jeopardy.BL.csproj", "{E7CC15F0-CF13-4AF4-926C-DCB3332BD140}"
EndProject
Project("{FAE04EC0-301F-11D3-BF4B-00C04F79EFBC}") = "Jeopardy.DL", "Jeopardy.DL\Jeopardy.DL.csproj", "{39996E4A-160F-4EE8-B3B9-DBF5F1C716D2}"
EndProject
Project("{FAE04EC0-301F-11D3-BF4B-00C04F79EFBC}") = "Jeopardy.Input", "Jeopardy.Input\Jeopardy.Input.csproj", "{7D246692-936C-480F-BE4B-5B71E568D92B}"
EndProject
Global
	GlobalSection(TeamFoundationVersionControl) = preSolution
		SccNumberOfProjects = 5
		SccEnterpriseProvider = {4CA58AB2-18FA-4F8D-95D4-32DDF27D184C}
		SccTeamFoundationServer = http://10.4.169.18:8080/tfs/advanced%20programming
		SccLocalPath0 = .
		SccProjectUniqueName1 = Jeopardy.BL\\Jeopardy.BL.csproj
		SccProjectName1 = Jeopardy.BL
		SccLocalPath1 = Jeopardy.BL
		SccProjectUniqueName2 = Jeopardy.DL\\Jeopardy.DL.csproj
		SccProjectName2 = Jeopardy.DL
		SccLocalPath2 = Jeopardy.DL
		SccProjectUniqueName3 = Jeopardy.Input\\Jeopardy.Input.csproj
		SccProjectName3 = Jeopardy.Input
		SccLocalPath3 = Jeopardy.Input
		SccProjectUniqueName4 = Jeopardy.UI\\Jeopardy.UI.csproj
		SccProjectName4 = Jeopardy.UI
		SccLocalPath4 = Jeopardy.UI
	EndGlobalSection
	GlobalSection(SolutionConfigurationPlatforms) = preSolution
		Debug|Any CPU = Debug|Any CPU
		Debug|Mixed Platforms = Debug|Mixed Platforms
		Debug|x86 = Debug|x86
		Release|Any CPU = Release|Any CPU
		Release|Mixed Platforms = Release|Mixed Platforms
		Release|x86 = Release|x86
	EndGlobalSection
	GlobalSection(ProjectConfigurationPlatforms) = postSolution
		{866C8A20-2A1B-49D9-9A15-02A8105F0438}.Debug|Any CPU.ActiveCfg = Debug|x86
		{866C8A20-2A1B-49D9-9A15-02A8105F0438}.Debug|Mixed Platforms.ActiveCfg = Debug|x86
		{866C8A20-2A1B-49D9-9A15-02A8105F0438}.Debug|Mixed Platforms.Build.0 = Debug|x86
		{866C8A20-2A1B-49D9-9A15-02A8105F0438}.Debug|x86.ActiveCfg = Debug|x86
		{866C8A20-2A1B-49D9-9A15-02A8105F0438}.Debug|x86.Build.0 = Debug|x86
		{866C8A20-2A1B-49D9-9A15-02A8105F0438}.Release|Any CPU.ActiveCfg = Release|x86
		{866C8A20-2A1B-49D9-9A15-02A8105F0438}.Release|Mixed Platforms.ActiveCfg = Release|x86
		{866C8A20-2A1B-49D9-9A15-02A8105F0438}.Release|Mixed Platforms.Build.0 = Release|x86
		{866C8A20-2A1B-49D9-9A15-02A8105F0438}.Release|x86.ActiveCfg = Release|x86
		{866C8A20-2A1B-49D9-9A15-02A8105F0438}.Release|x86.Build.0 = Release|x86
		{E7CC15F0-CF13-4AF4-926C-DCB3332BD140}.Debug|Any CPU.ActiveCfg = Debug|Any CPU
		{E7CC15F0-CF13-4AF4-926C-DCB3332BD140}.Debug|Any CPU.Build.0 = Debug|Any CPU
		{E7CC15F0-CF13-4AF4-926C-DCB3332BD140}.Debug|Mixed Platforms.ActiveCfg = Debug|Any CPU
		{E7CC15F0-CF13-4AF4-926C-DCB3332BD140}.Debug|Mixed Platforms.Build.0 = Debug|Any CPU
		{E7CC15F0-CF13-4AF4-926C-DCB3332BD140}.Debug|x86.ActiveCfg = Debug|Any CPU
		{E7CC15F0-CF13-4AF4-926C-DCB3332BD140}.Release|Any CPU.ActiveCfg = Release|Any CPU
		{E7CC15F0-CF13-4AF4-926C-DCB3332BD140}.Release|Any CPU.Build.0 = Release|Any CPU
		{E7CC15F0-CF13-4AF4-926C-DCB3332BD140}.Release|Mixed Platforms.ActiveCfg = Release|Any CPU
		{E7CC15F0-CF13-4AF4-926C-DCB3332BD140}.Release|Mixed Platforms.Build.0 = Release|Any CPU
		{E7CC15F0-CF13-4AF4-926C-DCB3332BD140}.Release|x86.ActiveCfg = Release|Any CPU
		{39996E4A-160F-4EE8-B3B9-DBF5F1C716D2}.Debug|Any CPU.ActiveCfg = Debug|Any CPU
		{39996E4A-160F-4EE8-B3B9-DBF5F1C716D2}.Debug|Any CPU.Build.0 = Debug|Any CPU
		{39996E4A-160F-4EE8-B3B9-DBF5F1C716D2}.Debug|Mixed Platforms.ActiveCfg = Debug|Any CPU
		{39996E4A-160F-4EE8-B3B9-DBF5F1C716D2}.Debug|Mixed Platforms.Build.0 = Debug|Any CPU
		{39996E4A-160F-4EE8-B3B9-DBF5F1C716D2}.Debug|x86.ActiveCfg = Debug|Any CPU
		{39996E4A-160F-4EE8-B3B9-DBF5F1C716D2}.Release|Any CPU.ActiveCfg = Release|Any CPU
		{39996E4A-160F-4EE8-B3B9-DBF5F1C716D2}.Release|Any CPU.Build.0 = Release|Any CPU
		{39996E4A-160F-4EE8-B3B9-DBF5F1C716D2}.Release|Mixed Platforms.ActiveCfg = Release|Any CPU
		{39996E4A-160F-4EE8-B3B9-DBF5F1C716D2}.Release|Mixed Platforms.Build.0 = Release|Any CPU
		{39996E4A-160F-4EE8-B3B9-DBF5F1C716D2}.Release|x86.ActiveCfg = Release|Any CPU
		{7D246692-936C-480F-BE4B-5B71E568D92B}.Debug|Any CPU.ActiveCfg = Debug|x86
		{7D246692-936C-480F-BE4B-5B71E568D92B}.Debug|Mixed Platforms.ActiveCfg = Debug|x86
		{7D246692-936C-480F-BE4B-5B71E568D92B}.Debug|Mixed Platforms.Build.0 = Debug|x86
		{7D246692-936C-480F-BE4B-5B71E568D92B}.Debug|x86.ActiveCfg = Debug|x86
		{7D246692-936C-480F-BE4B-5B71E568D92B}.Debug|x86.Build.0 = Debug|x86
		{7D246692-936C-480F-BE4B-5B71E568D92B}.Release|Any CPU.ActiveCfg = Release|x86
		{7D246692-936C-480F-BE4B-5B71E568D92B}.Release|Mixed Platforms.ActiveCfg = Release|x86
		{7D246692-936C-480F-BE4B-5B71E568D92B}.Release|Mixed Platforms.Build.0 = Release|x86
		{7D246692-936C-480F-BE4B-5B71E568D92B}.Release|x86.ActiveCfg = Release|x86
		{7D246692-936C-480F-BE4B-5B71E568D92B}.Release|x86.Build.0 = Release|x86
	EndGlobalSection
	GlobalSection(SolutionProperties) = preSolution
		HideSolutionNode = FALSE
	EndGlobalSection
EndGlobal
